
Microsoft Visual Studio Solution File, Format Version 12.00
# Visual Studio Version 16
VisualStudioVersion = 16.0.29920.165
MinimumVisualStudioVersion = 10.0.40219.1
Project("{9A19103F-16F7-4668-BE54-9A1E7A4F7556}") = "Algorithms", "Algorithms\Algorithms.csproj", "{C56208E1-F407-4AF1-BDB7-EA9B732CC04C}"
EndProject
Project("{FAE04EC0-301F-11D3-BF4B-00C04F79EFBC}") = "Algorithms.TestConsole", "Algorithms.TestConsole\Algorithms.TestConsole.csproj", "{368BC7B4-7AC8-492F-89E3-A3E1751B8786}"
EndProject
Global
	GlobalSection(SolutionConfigurationPlatforms) = preSolution
		Debug|Any CPU = Debug|Any CPU
		Debug|x64 = Debug|x64
		Debug|x86 = Debug|x86
		Release|Any CPU = Release|Any CPU
		Release|x64 = Release|x64
		Release|x86 = Release|x86
	EndGlobalSection
	GlobalSection(ProjectConfigurationPlatforms) = postSolution
		{C56208E1-F407-4AF1-BDB7-EA9B732CC04C}.Debug|Any CPU.ActiveCfg = Debug|Any CPU
		{C56208E1-F407-4AF1-BDB7-EA9B732CC04C}.Debug|Any CPU.Build.0 = Debug|Any CPU
		{C56208E1-F407-4AF1-BDB7-EA9B732CC04C}.Debug|x64.ActiveCfg = Debug|Any CPU
		{C56208E1-F407-4AF1-BDB7-EA9B732CC04C}.Debug|x64.Build.0 = Debug|Any CPU
		{C56208E1-F407-4AF1-BDB7-EA9B732CC04C}.Debug|x86.ActiveCfg = Debug|Any CPU
		{C56208E1-F407-4AF1-BDB7-EA9B732CC04C}.Debug|x86.Build.0 = Debug|Any CPU
		{C56208E1-F407-4AF1-BDB7-EA9B732CC04C}.Release|Any CPU.ActiveCfg = Release|Any CPU
		{C56208E1-F407-4AF1-BDB7-EA9B732CC04C}.Release|Any CPU.Build.0 = Release|Any CPU
		{C56208E1-F407-4AF1-BDB7-EA9B732CC04C}.Release|x64.ActiveCfg = Release|Any CPU
		{C56208E1-F407-4AF1-BDB7-EA9B732CC04C}.Release|x64.Build.0 = Release|Any CPU
		{C56208E1-F407-4AF1-BDB7-EA9B732CC04C}.Release|x86.ActiveCfg = Release|Any CPU
		{C56208E1-F407-4AF1-BDB7-EA9B732CC04C}.Release|x86.Build.0 = Release|Any CPU
		{368BC7B4-7AC8-492F-89E3-A3E1751B8786}.Debug|Any CPU.ActiveCfg = Debug|Any CPU
		{368BC7B4-7AC8-492F-89E3-A3E1751B8786}.Debug|Any CPU.Build.0 = Debug|Any CPU
		{368BC7B4-7AC8-492F-89E3-A3E1751B8786}.Debug|x64.ActiveCfg = Debug|Any CPU
		{368BC7B4-7AC8-492F-89E3-A3E1751B8786}.Debug|x64.Build.0 = Debug|Any CPU
		{368BC7B4-7AC8-492F-89E3-A3E1751B8786}.Debug|x86.ActiveCfg = Debug|Any CPU
		{368BC7B4-7AC8-492F-89E3-A3E1751B8786}.Debug|x86.Build.0 = Debug|Any CPU
		{368BC7B4-7AC8-492F-89E3-A3E1751B8786}.Release|Any CPU.ActiveCfg = Release|Any CPU
		{368BC7B4-7AC8-492F-89E3-A3E1751B8786}.Release|Any CPU.Build.0 = Release|Any CPU
		{368BC7B4-7AC8-492F-89E3-A3E1751B8786}.Release|x64.ActiveCfg = Release|Any CPU
		{368BC7B4-7AC8-492F-89E3-A3E1751B8786}.Release|x64.Build.0 = Release|Any CPU
		{368BC7B4-7AC8-492F-89E3-A3E1751B8786}.Release|x86.ActiveCfg = Release|Any CPU
		{368BC7B4-7AC8-492F-89E3-A3E1751B8786}.Release|x86.Build.0 = Release|Any CPU
	EndGlobalSection
	GlobalSection(SolutionProperties) = preSolution
		HideSolutionNode = FALSE
	EndGlobalSection
	GlobalSection(ExtensibilityGlobals) = postSolution
		SolutionGuid = {B20274D5-D35F-4090-A5B3-2A55A008C8CE}
	EndGlobalSection
EndGlobal
